// !$*UTF8*$!
{
	archiveVersion = 1;
	classes = {
	};
	objectVersion = 46;
	objects = {

/* Begin PBXBuildFile section */
		BA42BAF1195013C300C38623 /* DemoContent.txt in Resources */ = {isa = PBXBuildFile; fileRef = BA42BAF0195013C300C38623 /* DemoContent.txt */; };
		BA9FFF7619500E3A00624626 /* Foundation.framework in Frameworks */ = {isa = PBXBuildFile; fileRef = BA9FFF7519500E3A00624626 /* Foundation.framework */; };
		BA9FFF7819500E3A00624626 /* CoreGraphics.framework in Frameworks */ = {isa = PBXBuildFile; fileRef = BA9FFF7719500E3A00624626 /* CoreGraphics.framework */; };
		BA9FFF7A19500E3A00624626 /* UIKit.framework in Frameworks */ = {isa = PBXBuildFile; fileRef = BA9FFF7919500E3A00624626 /* UIKit.framework */; };
		BA9FFF8019500E3A00624626 /* InfoPlist.strings in Resources */ = {isa = PBXBuildFile; fileRef = BA9FFF7E19500E3A00624626 /* InfoPlist.strings */; };
		BA9FFF8219500E3A00624626 /* main.m in Sources */ = {isa = PBXBuildFile; fileRef = BA9FFF8119500E3A00624626 /* main.m */; };
		BA9FFF8619500E3A00624626 /* AppDelegate.m in Sources */ = {isa = PBXBuildFile; fileRef = BA9FFF8519500E3A00624626 /* AppDelegate.m */; };
		BA9FFF8919500E3A00624626 /* Main_iPhone.storyboard in Resources */ = {isa = PBXBuildFile; fileRef = BA9FFF8719500E3A00624626 /* Main_iPhone.storyboard */; };
		BA9FFF8C19500E3A00624626 /* Main_iPad.storyboard in Resources */ = {isa = PBXBuildFile; fileRef = BA9FFF8A19500E3A00624626 /* Main_iPad.storyboard */; };
		BA9FFF8F19500E3A00624626 /* ViewController.m in Sources */ = {isa = PBXBuildFile; fileRef = BA9FFF8E19500E3A00624626 /* ViewController.m */; };
		BA9FFF9119500E3A00624626 /* Images.xcassets in Resources */ = {isa = PBXBuildFile; fileRef = BA9FFF9019500E3A00624626 /* Images.xcassets */; };
		BA9FFF9819500E3A00624626 /* XCTest.framework in Frameworks */ = {isa = PBXBuildFile; fileRef = BA9FFF9719500E3A00624626 /* XCTest.framework */; };
		BA9FFF9919500E3A00624626 /* Foundation.framework in Frameworks */ = {isa = PBXBuildFile; fileRef = BA9FFF7519500E3A00624626 /* Foundation.framework */; };
		BA9FFF9A19500E3A00624626 /* UIKit.framework in Frameworks */ = {isa = PBXBuildFile; fileRef = BA9FFF7919500E3A00624626 /* UIKit.framework */; };
		BA9FFFA219500E3A00624626 /* InfoPlist.strings in Resources */ = {isa = PBXBuildFile; fileRef = BA9FFFA019500E3A00624626 /* InfoPlist.strings */; };
		BA9FFFA419500E3A00624626 /* DemoDynResourceTests.m in Sources */ = {isa = PBXBuildFile; fileRef = BA9FFFA319500E3A00624626 /* DemoDynResourceTests.m */; };
/* End PBXBuildFile section */

/* Begin PBXContainerItemProxy section */
		BA9FFF9B19500E3A00624626 /* PBXContainerItemProxy */ = {
			isa = PBXContainerItemProxy;
			containerPortal = BA9FFF6A19500E3A00624626 /* Project object */;
			proxyType = 1;
			remoteGlobalIDString = BA9FFF7119500E3A00624626;
			remoteInfo = DemoDynResource;
		};
/* End PBXContainerItemProxy section */

/* Begin PBXFileReference section */
		BA42BAF0195013C300C38623 /* DemoContent.txt */ = {isa = PBXFileReference; fileEncoding = 4; lastKnownFileType = text; path = DemoContent.txt; sourceTree = "<group>"; };
		BA9FFF7219500E3A00624626 /* DemoDynResource.app */ = {isa = PBXFileReference; explicitFileType = wrapper.application; includeInIndex = 0; path = DemoDynResource.app; sourceTree = BUILT_PRODUCTS_DIR; };
		BA9FFF7519500E3A00624626 /* Foundation.framework */ = {isa = PBXFileReference; lastKnownFileType = wrapper.framework; name = Foundation.framework; path = System/Library/Frameworks/Foundation.framework; sourceTree = SDKROOT; };
		BA9FFF7719500E3A00624626 /* CoreGraphics.framework */ = {isa = PBXFileReference; lastKnownFileType = wrapper.framework; name = CoreGraphics.framework; path = System/Library/Frameworks/CoreGraphics.framework; sourceTree = SDKROOT; };
		BA9FFF7919500E3A00624626 /* UIKit.framework */ = {isa = PBXFileReference; lastKnownFileType = wrapper.framework; name = UIKit.framework; path = System/Library/Frameworks/UIKit.framework; sourceTree = SDKROOT; };
		BA9FFF7D19500E3A00624626 /* DemoDynResource-Info.plist */ = {isa = PBXFileReference; lastKnownFileType = text.plist.xml; path = "DemoDynResource-Info.plist"; sourceTree = "<group>"; };
		BA9FFF7F19500E3A00624626 /* en */ = {isa = PBXFileReference; lastKnownFileType = text.plist.strings; name = en; path = en.lproj/InfoPlist.strings; sourceTree = "<group>"; };
		BA9FFF8119500E3A00624626 /* main.m */ = {isa = PBXFileReference; lastKnownFileType = sourcecode.c.objc; path = main.m; sourceTree = "<group>"; };
		BA9FFF8319500E3A00624626 /* DemoDynResource-Prefix.pch */ = {isa = PBXFileReference; lastKnownFileType = sourcecode.c.h; path = "DemoDynResource-Prefix.pch"; sourceTree = "<group>"; };
		BA9FFF8419500E3A00624626 /* AppDelegate.h */ = {isa = PBXFileReference; lastKnownFileType = sourcecode.c.h; path = AppDelegate.h; sourceTree = "<group>"; };
		BA9FFF8519500E3A00624626 /* AppDelegate.m */ = {isa = PBXFileReference; lastKnownFileType = sourcecode.c.objc; path = AppDelegate.m; sourceTree = "<group>"; };
		BA9FFF8819500E3A00624626 /* Base */ = {isa = PBXFileReference; lastKnownFileType = file.storyboard; name = Base; path = Base.lproj/Main_iPhone.storyboard; sourceTree = "<group>"; };
		BA9FFF8B19500E3A00624626 /* Base */ = {isa = PBXFileReference; lastKnownFileType = file.storyboard; name = Base; path = Base.lproj/Main_iPad.storyboard; sourceTree = "<group>"; };
		BA9FFF8D19500E3A00624626 /* ViewController.h */ = {isa = PBXFileReference; lastKnownFileType = sourcecode.c.h; path = ViewController.h; sourceTree = "<group>"; };
		BA9FFF8E19500E3A00624626 /* ViewController.m */ = {isa = PBXFileReference; lastKnownFileType = sourcecode.c.objc; path = ViewController.m; sourceTree = "<group>"; };
		BA9FFF9019500E3A00624626 /* Images.xcassets */ = {isa = PBXFileReference; lastKnownFileType = folder.assetcatalog; path = Images.xcassets; sourceTree = "<group>"; };
		BA9FFF9619500E3A00624626 /* DemoDynResourceTests.xctest */ = {isa = PBXFileReference; explicitFileType = wrapper.cfbundle; includeInIndex = 0; path = DemoDynResourceTests.xctest; sourceTree = BUILT_PRODUCTS_DIR; };
		BA9FFF9719500E3A00624626 /* XCTest.framework */ = {isa = PBXFileReference; lastKnownFileType = wrapper.framework; name = XCTest.framework; path = Library/Frameworks/XCTest.framework; sourceTree = DEVELOPER_DIR; };
		BA9FFF9F19500E3A00624626 /* DemoDynResourceTests-Info.plist */ = {isa = PBXFileReference; lastKnownFileType = text.plist.xml; path = "DemoDynResourceTests-Info.plist"; sourceTree = "<group>"; };
		BA9FFFA119500E3A00624626 /* en */ = {isa = PBXFileReference; lastKnownFileType = text.plist.strings; name = en; path = en.lproj/InfoPlist.strings; sourceTree = "<group>"; };
		BA9FFFA319500E3A00624626 /* DemoDynResourceTests.m */ = {isa = PBXFileReference; lastKnownFileType = sourcecode.c.objc; path = DemoDynResourceTests.m; sourceTree = "<group>"; };
/* End PBXFileReference section */

/* Begin PBXFrameworksBuildPhase section */
		BA9FFF6F19500E3A00624626 /* Frameworks */ = {
			isa = PBXFrameworksBuildPhase;
			buildActionMask = 2147483647;
			files = (
				BA9FFF7819500E3A00624626 /* CoreGraphics.framework in Frameworks */,
				BA9FFF7A19500E3A00624626 /* UIKit.framework in Frameworks */,
				BA9FFF7619500E3A00624626 /* Foundation.framework in Frameworks */,
			);
			runOnlyForDeploymentPostprocessing = 0;
		};
		BA9FFF9319500E3A00624626 /* Frameworks */ = {
			isa = PBXFrameworksBuildPhase;
			buildActionMask = 2147483647;
			files = (
				BA9FFF9819500E3A00624626 /* XCTest.framework in Frameworks */,
				BA9FFF9A19500E3A00624626 /* UIKit.framework in Frameworks */,
				BA9FFF9919500E3A00624626 /* Foundation.framework in Frameworks */,
			);
			runOnlyForDeploymentPostprocessing = 0;
		};
/* End PBXFrameworksBuildPhase section */

/* Begin PBXGroup section */
		BA42BAEF195013A500C38623 /* Resources */ = {
			isa = PBXGroup;
			children = (
				BA42BAF0195013C300C38623 /* DemoContent.txt */,
			);
			name = Resources;
			sourceTree = "<group>";
		};
		BA9FFF6919500E3A00624626 = {
			isa = PBXGroup;
			children = (
				BA9FFF7B19500E3A00624626 /* DemoDynResource */,
				BA9FFF9D19500E3A00624626 /* DemoDynResourceTests */,
				BA9FFF7419500E3A00624626 /* Frameworks */,
				BA9FFF7319500E3A00624626 /* Products */,
			);
			sourceTree = "<group>";
		};
		BA9FFF7319500E3A00624626 /* Products */ = {
			isa = PBXGroup;
			children = (
				BA9FFF7219500E3A00624626 /* DemoDynResource.app */,
				BA9FFF9619500E3A00624626 /* DemoDynResourceTests.xctest */,
			);
			name = Products;
			sourceTree = "<group>";
		};
		BA9FFF7419500E3A00624626 /* Frameworks */ = {
			isa = PBXGroup;
			children = (
				BA9FFF7519500E3A00624626 /* Foundation.framework */,
				BA9FFF7719500E3A00624626 /* CoreGraphics.framework */,
				BA9FFF7919500E3A00624626 /* UIKit.framework */,
				BA9FFF9719500E3A00624626 /* XCTest.framework */,
			);
			name = Frameworks;
			sourceTree = "<group>";
		};
		BA9FFF7B19500E3A00624626 /* DemoDynResource */ = {
			isa = PBXGroup;
			children = (
				BA42BAEF195013A500C38623 /* Resources */,
				BA9FFF8419500E3A00624626 /* AppDelegate.h */,
				BA9FFF8519500E3A00624626 /* AppDelegate.m */,
				BA9FFF8719500E3A00624626 /* Main_iPhone.storyboard */,
				BA9FFF8A19500E3A00624626 /* Main_iPad.storyboard */,
				BA9FFF8D19500E3A00624626 /* ViewController.h */,
				BA9FFF8E19500E3A00624626 /* ViewController.m */,
				BA9FFF9019500E3A00624626 /* Images.xcassets */,
				BA9FFF7C19500E3A00624626 /* Supporting Files */,
			);
			path = DemoDynResource;
			sourceTree = "<group>";
		};
		BA9FFF7C19500E3A00624626 /* Supporting Files */ = {
			isa = PBXGroup;
			children = (
				BA9FFF7D19500E3A00624626 /* DemoDynResource-Info.plist */,
				BA9FFF7E19500E3A00624626 /* InfoPlist.strings */,
				BA9FFF8119500E3A00624626 /* main.m */,
				BA9FFF8319500E3A00624626 /* DemoDynResource-Prefix.pch */,
			);
			name = "Supporting Files";
			sourceTree = "<group>";
		};
		BA9FFF9D19500E3A00624626 /* DemoDynResourceTests */ = {
			isa = PBXGroup;
			children = (
				BA9FFFA319500E3A00624626 /* DemoDynResourceTests.m */,
				BA9FFF9E19500E3A00624626 /* Supporting Files */,
			);
			path = DemoDynResourceTests;
			sourceTree = "<group>";
		};
		BA9FFF9E19500E3A00624626 /* Supporting Files */ = {
			isa = PBXGroup;
			children = (
				BA9FFF9F19500E3A00624626 /* DemoDynResourceTests-Info.plist */,
				BA9FFFA019500E3A00624626 /* InfoPlist.strings */,
			);
			name = "Supporting Files";
			sourceTree = "<group>";
		};
/* End PBXGroup section */

/* Begin PBXNativeTarget section */
		BA9FFF7119500E3A00624626 /* DemoDynResource */ = {
			isa = PBXNativeTarget;
			buildConfigurationList = BA9FFFA719500E3A00624626 /* Build configuration list for PBXNativeTarget "DemoDynResource" */;
			buildPhases = (
				BA9FFF6E19500E3A00624626 /* Sources */,
				BA9FFF6F19500E3A00624626 /* Frameworks */,
				BA9FFF7019500E3A00624626 /* Resources */,
			);
			buildRules = (
			);
			dependencies = (
			);
			name = DemoDynResource;
			productName = DemoDynResource;
			productReference = BA9FFF7219500E3A00624626 /* DemoDynResource.app */;
			productType = "com.apple.product-type.application";
		};
		BA9FFF9519500E3A00624626 /* DemoDynResourceTests */ = {
			isa = PBXNativeTarget;
			buildConfigurationList = BA9FFFAA19500E3A00624626 /* Build configuration list for PBXNativeTarget "DemoDynResourceTests" */;
			buildPhases = (
				BA9FFF9219500E3A00624626 /* Sources */,
				BA9FFF9319500E3A00624626 /* Frameworks */,
				BA9FFF9419500E3A00624626 /* Resources */,
			);
			buildRules = (
			);
			dependencies = (
				BA9FFF9C19500E3A00624626 /* PBXTargetDependency */,
			);
			name = DemoDynResourceTests;
			productName = DemoDynResourceTests;
			productReference = BA9FFF9619500E3A00624626 /* DemoDynResourceTests.xctest */;
			productType = "com.apple.product-type.bundle.unit-test";
		};
/* End PBXNativeTarget section */

/* Begin PBXProject section */
		BA9FFF6A19500E3A00624626 /* Project object */ = {
			isa = PBXProject;
			attributes = {
				LastUpgradeCheck = 0510;
				ORGANIZATIONNAME = Bitfall;
				TargetAttributes = {
					BA9FFF7119500E3A00624626 = {
						DevelopmentTeam = 72SA8V3WYL;
					};
					BA9FFF9519500E3A00624626 = {
						TestTargetID = BA9FFF7119500E3A00624626;
					};
				};
			};
			buildConfigurationList = BA9FFF6D19500E3A00624626 /* Build configuration list for PBXProject "DemoDynResource" */;
			compatibilityVersion = "Xcode 3.2";
			developmentRegion = English;
			hasScannedForEncodings = 0;
			knownRegions = (
				en,
				Base,
			);
			mainGroup = BA9FFF6919500E3A00624626;
			productRefGroup = BA9FFF7319500E3A00624626 /* Products */;
			projectDirPath = "";
			projectRoot = "";
			targets = (
				BA9FFF7119500E3A00624626 /* DemoDynResource */,
				BA9FFF9519500E3A00624626 /* DemoDynResourceTests */,
			);
		};
/* End PBXProject section */

/* Begin PBXResourcesBuildPhase section */
		BA9FFF7019500E3A00624626 /* Resources */ = {
			isa = PBXResourcesBuildPhase;
			buildActionMask = 2147483647;
			files = (
				BA9FFF8C19500E3A00624626 /* Main_iPad.storyboard in Resources */,
				BA9FFF9119500E3A00624626 /* Images.xcassets in Resources */,
				BA9FFF8919500E3A00624626 /* Main_iPhone.storyboard in Resources */,
				BA42BAF1195013C300C38623 /* DemoContent.txt in Resources */,
				BA9FFF8019500E3A00624626 /* InfoPlist.strings in Resources */,
			);
			runOnlyForDeploymentPostprocessing = 0;
		};
		BA9FFF9419500E3A00624626 /* Resources */ = {
			isa = PBXResourcesBuildPhase;
			buildActionMask = 2147483647;
			files = (
				BA9FFFA219500E3A00624626 /* InfoPlist.strings in Resources */,
			);
			runOnlyForDeploymentPostprocessing = 0;
		};
/* End PBXResourcesBuildPhase section */

/* Begin PBXSourcesBuildPhase section */
		BA9FFF6E19500E3A00624626 /* Sources */ = {
			isa = PBXSourcesBuildPhase;
			buildActionMask = 2147483647;
			files = (
				BA9FFF8F19500E3A00624626 /* ViewController.m in Sources */,
				BA9FFF8619500E3A00624626 /* AppDelegate.m in Sources */,
				BA9FFF8219500E3A00624626 /* main.m in Sources */,
			);
			runOnlyForDeploymentPostprocessing = 0;
		};
		BA9FFF9219500E3A00624626 /* Sources */ = {
			isa = PBXSourcesBuildPhase;
			buildActionMask = 2147483647;
			files = (
				BA9FFFA419500E3A00624626 /* DemoDynResourceTests.m in Sources */,
			);
			runOnlyForDeploymentPostprocessing = 0;
		};
/* End PBXSourcesBuildPhase section */

/* Begin PBXTargetDependency section */
		BA9FFF9C19500E3A00624626 /* PBXTargetDependency */ = {
			isa = PBXTargetDependency;
			target = BA9FFF7119500E3A00624626 /* DemoDynResource */;
			targetProxy = BA9FFF9B19500E3A00624626 /* PBXContainerItemProxy */;
		};
/* End PBXTargetDependency section */

/* Begin PBXVariantGroup section */
		BA9FFF7E19500E3A00624626 /* InfoPlist.strings */ = {
			isa = PBXVariantGroup;
			children = (
				BA9FFF7F19500E3A00624626 /* en */,
			);
			name = InfoPlist.strings;
			sourceTree = "<group>";
		};
		BA9FFF8719500E3A00624626 /* Main_iPhone.storyboard */ = {
			isa = PBXVariantGroup;
			children = (
				BA9FFF8819500E3A00624626 /* Base */,
			);
			name = Main_iPhone.storyboard;
			sourceTree = "<group>";
		};
		BA9FFF8A19500E3A00624626 /* Main_iPad.storyboard */ = {
			isa = PBXVariantGroup;
			children = (
				BA9FFF8B19500E3A00624626 /* Base */,
			);
			name = Main_iPad.storyboard;
			sourceTree = "<group>";
		};
		BA9FFFA019500E3A00624626 /* InfoPlist.strings */ = {
			isa = PBXVariantGroup;
			children = (
				BA9FFFA119500E3A00624626 /* en */,
			);
			name = InfoPlist.strings;
			sourceTree = "<group>";
		};
/* End PBXVariantGroup section */

/* Begin XCBuildConfiguration section */
		BA9FFFA519500E3A00624626 /* Debug */ = {
			isa = XCBuildConfiguration;
			buildSettings = {
				ALWAYS_SEARCH_USER_PATHS = NO;
				CLANG_CXX_LANGUAGE_STANDARD = "gnu++0x";
				CLANG_CXX_LIBRARY = "libc++";
				CLANG_ENABLE_MODULES = YES;
				CLANG_ENABLE_OBJC_ARC = YES;
				CLANG_WARN_BOOL_CONVERSION = YES;
				CLANG_WARN_CONSTANT_CONVERSION = YES;
				CLANG_WARN_DIRECT_OBJC_ISA_USAGE = YES_ERROR;
				CLANG_WARN_EMPTY_BODY = YES;
				CLANG_WARN_ENUM_CONVERSION = YES;
				CLANG_WARN_INT_CONVERSION = YES;
				CLANG_WARN_OBJC_ROOT_CLASS = YES_ERROR;
				CLANG_WARN__DUPLICATE_METHOD_MATCH = YES;
				"CODE_SIGN_IDENTITY[sdk=iphoneos*]" = "iPhone Developer";
				COPY_PHASE_STRIP = NO;
				GCC_C_LANGUAGE_STANDARD = gnu99;
				GCC_DYNAMIC_NO_PIC = NO;
				GCC_OPTIMIZATION_LEVEL = 0;
				GCC_PREPROCESSOR_DEFINITIONS = (
					"DEBUG=1",
					"$(inherited)",
				);
				GCC_SYMBOLS_PRIVATE_EXTERN = NO;
				GCC_WARN_64_TO_32_BIT_CONVERSION = YES;
				GCC_WARN_ABOUT_RETURN_TYPE = YES_ERROR;
				GCC_WARN_UNDECLARED_SELECTOR = YES;
				GCC_WARN_UNINITIALIZED_AUTOS = YES_AGGRESSIVE;
				GCC_WARN_UNUSED_FUNCTION = YES;
				GCC_WARN_UNUSED_VARIABLE = YES;
				IPHONEOS_DEPLOYMENT_TARGET = 7.1;
				ONLY_ACTIVE_ARCH = YES;
				SDKROOT = iphoneos;
				TARGETED_DEVICE_FAMILY = "1,2";
			};
			name = Debug;
		};
		BA9FFFA619500E3A00624626 /* Release */ = {
			isa = XCBuildConfiguration;
			buildSettings = {
				ALWAYS_SEARCH_USER_PATHS = NO;
				CLANG_CXX_LANGUAGE_STANDARD = "gnu++0x";
				CLANG_CXX_LIBRARY = "libc++";
				CLANG_ENABLE_MODULES = YES;
				CLANG_ENABLE_OBJC_ARC = YES;
				CLANG_WARN_BOOL_CONVERSION = YES;
				CLANG_WARN_CONSTANT_CONVERSION = YES;
				CLANG_WARN_DIRECT_OBJC_ISA_USAGE = YES_ERROR;
				CLANG_WARN_EMPTY_BODY = YES;
				CLANG_WARN_ENUM_CONVERSION = YES;
				CLANG_WARN_INT_CONVERSION = YES;
				CLANG_WARN_OBJC_ROOT_CLASS = YES_ERROR;
				CLANG_WARN__DUPLICATE_METHOD_MATCH = YES;
				"CODE_SIGN_IDENTITY[sdk=iphoneos*]" = "iPhone Developer";
				COPY_PHASE_STRIP = YES;
				ENABLE_NS_ASSERTIONS = NO;
				GCC_C_LANGUAGE_STANDARD = gnu99;
				GCC_WARN_64_TO_32_BIT_CONVERSION = YES;
				GCC_WARN_ABOUT_RETURN_TYPE = YES_ERROR;
				GCC_WARN_UNDECLARED_SELECTOR = YES;
				GCC_WARN_UNINITIALIZED_AUTOS = YES_AGGRESSIVE;
				GCC_WARN_UNUSED_FUNCTION = YES;
				GCC_WARN_UNUSED_VARIABLE = YES;
				IPHONEOS_DEPLOYMENT_TARGET = 7.1;
				SDKROOT = iphoneos;
				TARGETED_DEVICE_FAMILY = "1,2";
				VALIDATE_PRODUCT = YES;
			};
			name = Release;
		};
		BA9FFFA819500E3A00624626 /* Debug */ = {
			isa = XCBuildConfiguration;
			buildSettings = {
				ASSETCATALOG_COMPILER_APPICON_NAME = AppIcon;
				ASSETCATALOG_COMPILER_LAUNCHIMAGE_NAME = LaunchImage;
				CODE_SIGN_IDENTITY = "iPhone Developer";
				GCC_PRECOMPILE_PREFIX_HEADER = YES;
				GCC_PREFIX_HEADER = "DemoDynResource/DemoDynResource-Prefix.pch";
				INFOPLIST_FILE = "DemoDynResource/DemoDynResource-Info.plist";
				IPHONEOS_DEPLOYMENT_TARGET = 6.1;
				PRODUCT_NAME = "$(TARGET_NAME)";
				WRAPPER_EXTENSION = app;
			};
			name = Debug;
		};
		BA9FFFA919500E3A00624626 /* Release */ = {
			isa = XCBuildConfiguration;
			buildSettings = {
				ASSETCATALOG_COMPILER_APPICON_NAME = AppIcon;
				ASSETCATALOG_COMPILER_LAUNCHIMAGE_NAME = LaunchImage;
				CODE_SIGN_IDENTITY = "iPhone Developer";
				GCC_PRECOMPILE_PREFIX_HEADER = YES;
				GCC_PREFIX_HEADER = "DemoDynResource/DemoDynResource-Prefix.pch";
				INFOPLIST_FILE = "DemoDynResource/DemoDynResource-Info.plist";
				IPHONEOS_DEPLOYMENT_TARGET = 6.1;
				PRODUCT_NAME = "$(TARGET_NAME)";
				WRAPPER_EXTENSION = app;
			};
			name = Release;
		};
		BA9FFFAB19500E3A00624626 /* Debug */ = {
			isa = XCBuildConfiguration;
			buildSettings = {
				BUNDLE_LOADER = "$(BUILT_PRODUCTS_DIR)/DemoDynResource.app/DemoDynResource";
				FRAMEWORK_SEARCH_PATHS = (
					"$(SDKROOT)/Developer/Library/Frameworks",
					"$(inherited)",
					"$(DEVELOPER_FRAMEWORKS_DIR)",
				);
				GCC_PRECOMPILE_PREFIX_HEADER = YES;
				GCC_PREFIX_HEADER = "DemoDynResource/DemoDynResource-Prefix.pch";
				GCC_PREPROCESSOR_DEFINITIONS = (
					"DEBUG=1",
					"$(inherited)",
				);
				INFOPLIST_FILE = "DemoDynResourceTests/DemoDynResourceTests-Info.plist";
				PRODUCT_NAME = "$(TARGET_NAME)";
				TEST_HOST = "$(BUNDLE_LOADER)";
				WRAPPER_EXTENSION = xctest;
			};
			name = Debug;
		};
		BA9FFFAC19500E3A00624626 /* Release */ = {
			isa = XCBuildConfiguration;
			buildSettings = {
				BUNDLE_LOADER = "$(BUILT_PRODUCTS_DIR)/DemoDynResource.app/DemoDynResource";
				FRAMEWORK_SEARCH_PATHS = (
					"$(SDKROOT)/Developer/Library/Frameworks",
					"$(inherited)",
					"$(DEVELOPER_FRAMEWORKS_DIR)",
				);
				GCC_PRECOMPILE_PREFIX_HEADER = YES;
				GCC_PREFIX_HEADER = "DemoDynResource/DemoDynResource-Prefix.pch";
				INFOPLIST_FILE = "DemoDynResourceTests/DemoDynResourceTests-Info.plist";
				PRODUCT_NAME = "$(TARGET_NAME)";
				TEST_HOST = "$(BUNDLE_LOADER)";
				WRAPPER_EXTENSION = xctest;
			};
			name = Release;
		};
/* End XCBuildConfiguration section */

/* Begin XCConfigurationList section */
		BA9FFF6D19500E3A00624626 /* Build configuration list for PBXProject "DemoDynResource" */ = {
			isa = XCConfigurationList;
			buildConfigurations = (
				BA9FFFA519500E3A00624626 /* Debug */,
				BA9FFFA619500E3A00624626 /* Release */,
			);
			defaultConfigurationIsVisible = 0;
			defaultConfigurationName = Release;
		};
		BA9FFFA719500E3A00624626 /* Build configuration list for PBXNativeTarget "DemoDynResource" */ = {
			isa = XCConfigurationList;
			buildConfigurations = (
				BA9FFFA819500E3A00624626 /* Debug */,
				BA9FFFA919500E3A00624626 /* Release */,
			);
			defaultConfigurationIsVisible = 0;
			defaultConfigurationName = Release;
		};
		BA9FFFAA19500E3A00624626 /* Build configuration list for PBXNativeTarget "DemoDynResourceTests" */ = {
			isa = XCConfigurationList;
			buildConfigurations = (
				BA9FFFAB19500E3A00624626 /* Debug */,
				BA9FFFAC19500E3A00624626 /* Release */,
			);
			defaultConfigurationIsVisible = 0;
			defaultConfigurationName = Release;
		};
/* End XCConfigurationList section */
	};
	rootObject = BA9FFF6A19500E3A00624626 /* Project object */;
}
